
Microsoft Visual Studio Solution File, Format Version 12.00
# Visual Studio Version 17
VisualStudioVersion = 17.3.32819.101
MinimumVisualStudioVersion = 10.0.40219.1
Project("{FAE04EC0-301F-11D3-BF4B-00C04F79EFBC}") = "FullStack.API", "FullStack.API\FullStack.API.csproj", "{BB5443D5-CC61-4BB4-A193-64AA663E72F6}"
EndProject
Global
	GlobalSection(SolutionConfigurationPlatforms) = preSolution
		Debug|Any CPU = Debug|Any CPU
		Release|Any CPU = Release|Any CPU
	EndGlobalSection
	GlobalSection(ProjectConfigurationPlatforms) = postSolution
		{BB5443D5-CC61-4BB4-A193-64AA663E72F6}.Debug|Any CPU.ActiveCfg = Debug|Any CPU
		{BB5443D5-CC61-4BB4-A193-64AA663E72F6}.Debug|Any CPU.Build.0 = Debug|Any CPU
		{BB5443D5-CC61-4BB4-A193-64AA663E72F6}.Release|Any CPU.ActiveCfg = Release|Any CPU
		{BB5443D5-CC61-4BB4-A193-64AA663E72F6}.Release|Any CPU.Build.0 = Release|Any CPU
	EndGlobalSection
	GlobalSection(SolutionProperties) = preSolution
		HideSolutionNode = FALSE
	EndGlobalSection
	GlobalSection(ExtensibilityGlobals) = postSolution
		SolutionGuid = {2F957875-9162-4513-9A2B-1D541416A917}
	EndGlobalSection
EndGlobal
